
Microsoft Visual Studio Solution File, Format Version 12.00
# Visual Studio 15
VisualStudioVersion = 15.0.27428.2037
MinimumVisualStudioVersion = 10.0.40219.1
Project("{FAE04EC0-301F-11D3-BF4B-00C04F79EFBC}") = "ElanCostCenterGroups", "ElanCostCenterGroups\ElanCostCenterGroups.csproj", "{E02DD6E1-1BBA-4DF8-B7EF-6058A91CBE7B}"
	ProjectSection(ProjectDependencies) = postProject
		{15E05DB9-DFC2-4425-BFB6-7CDBB4C2D713} = {15E05DB9-DFC2-4425-BFB6-7CDBB4C2D713}
	EndProjectSection
EndProject
Project("{FAE04EC0-301F-11D3-BF4B-00C04F79EFBC}") = "UserCostCenters", "UserCostCenters\UserCostCenters.csproj", "{AA1E7573-80BA-4056-98E4-E9032096C3B6}"
EndProject
Project("{FAE04EC0-301F-11D3-BF4B-00C04F79EFBC}") = "CostCenterServices", "CostCenterServices\CostCenterServices.csproj", "{5A3D8549-FACE-4294-BD2E-55909A9C1722}"
EndProject
Project("{FAE04EC0-301F-11D3-BF4B-00C04F79EFBC}") = "SRMFileTransfer", "SRMFileTransfer\SRMFileTransfer.csproj", "{15E05DB9-DFC2-4425-BFB6-7CDBB4C2D713}"
EndProject
Project("{FAE04EC0-301F-11D3-BF4B-00C04F79EFBC}") = "SAPCodeUpdate", "SAPCodeUpdate\SAPCodeUpdate.csproj", "{9B9D4AE4-760A-462B-A901-3861B95300C0}"
EndProject
Project("{FAE04EC0-301F-11D3-BF4B-00C04F79EFBC}") = "SAPCodeUpdateTest", "TestSAPCodeUpdate\SAPCodeUpdateTest.csproj", "{DB1EFC70-DE67-4F25-B909-089C189C5AF0}"
EndProject
Project("{FAE04EC0-301F-11D3-BF4B-00C04F79EFBC}") = "ElanCMSCommonTest", "CMSCommonTest\ElanCMSCommonTest.csproj", "{71C81D8D-87DA-4A08-9112-E94C96966EFB}"
EndProject
Project("{FAE04EC0-301F-11D3-BF4B-00C04F79EFBC}") = "SRMFileTransferTest", "SRMFileTransferTest\SRMFileTransferTest.csproj", "{DFD7023B-E63A-487D-BE0A-17B77A8B1BBE}"
EndProject
Project("{FAE04EC0-301F-11D3-BF4B-00C04F79EFBC}") = "ElanCMSCommon", "ElanCMSCommon\ElanCMSCommon.csproj", "{707EB0D1-28F9-42BB-9D94-4C32F065EAC8}"
EndProject
Project("{FAE04EC0-301F-11D3-BF4B-00C04F79EFBC}") = "ElanCostCenterGroupsTest", "ElanCostCenterGroupsTest\ElanCostCenterGroupsTest.csproj", "{09D0A544-947F-4422-B4C9-FC66DDFE869E}"
EndProject
Project("{FAE04EC0-301F-11D3-BF4B-00C04F79EFBC}") = "ElanCMSUtils", "ElanCMSUtils\ElanCMSUtils.csproj", "{1B6E2E15-10CE-4F23-9B9F-20CA2774E9CB}"
EndProject
Project("{FAE04EC0-301F-11D3-BF4B-00C04F79EFBC}") = "Elan.SharePoint.LRFApproval", "..\Elan.SharePoint.LRFApproval\Elan.SharePoint.LRFApproval\Elan.SharePoint.LRFApproval.csproj", "{9B6D269E-1910-4341-B6C8-78CD4C5EB13D}"
EndProject
Project("{FAE04EC0-301F-11D3-BF4B-00C04F79EFBC}") = "LRFApprovalTest", "..\Elan.SharePoint.LRFApproval\LRFApprovalTest\LRFApprovalTest.csproj", "{63798CFB-B5AD-4B67-B103-300D0B414FCA}"
EndProject
Global
	GlobalSection(SolutionConfigurationPlatforms) = preSolution
		Debug|Any CPU = Debug|Any CPU
		Debug|Mixed Platforms = Debug|Mixed Platforms
		Debug|x86 = Debug|x86
		Release|Any CPU = Release|Any CPU
		Release|Mixed Platforms = Release|Mixed Platforms
		Release|x86 = Release|x86
	EndGlobalSection
	GlobalSection(ProjectConfigurationPlatforms) = postSolution
		{E02DD6E1-1BBA-4DF8-B7EF-6058A91CBE7B}.Debug|Any CPU.ActiveCfg = Debug|Any CPU
		{E02DD6E1-1BBA-4DF8-B7EF-6058A91CBE7B}.Debug|Any CPU.Build.0 = Debug|Any CPU
		{E02DD6E1-1BBA-4DF8-B7EF-6058A91CBE7B}.Debug|Any CPU.Deploy.0 = Debug|Any CPU
		{E02DD6E1-1BBA-4DF8-B7EF-6058A91CBE7B}.Debug|Mixed Platforms.ActiveCfg = Debug|Any CPU
		{E02DD6E1-1BBA-4DF8-B7EF-6058A91CBE7B}.Debug|Mixed Platforms.Build.0 = Debug|Any CPU
		{E02DD6E1-1BBA-4DF8-B7EF-6058A91CBE7B}.Debug|Mixed Platforms.Deploy.0 = Debug|Any CPU
		{E02DD6E1-1BBA-4DF8-B7EF-6058A91CBE7B}.Debug|x86.ActiveCfg = Debug|Any CPU
		{E02DD6E1-1BBA-4DF8-B7EF-6058A91CBE7B}.Release|Any CPU.ActiveCfg = Release|Any CPU
		{E02DD6E1-1BBA-4DF8-B7EF-6058A91CBE7B}.Release|Any CPU.Build.0 = Release|Any CPU
		{E02DD6E1-1BBA-4DF8-B7EF-6058A91CBE7B}.Release|Any CPU.Deploy.0 = Release|Any CPU
		{E02DD6E1-1BBA-4DF8-B7EF-6058A91CBE7B}.Release|Mixed Platforms.ActiveCfg = Release|Any CPU
		{E02DD6E1-1BBA-4DF8-B7EF-6058A91CBE7B}.Release|Mixed Platforms.Build.0 = Release|Any CPU
		{E02DD6E1-1BBA-4DF8-B7EF-6058A91CBE7B}.Release|Mixed Platforms.Deploy.0 = Release|Any CPU
		{E02DD6E1-1BBA-4DF8-B7EF-6058A91CBE7B}.Release|x86.ActiveCfg = Release|Any CPU
		{AA1E7573-80BA-4056-98E4-E9032096C3B6}.Debug|Any CPU.ActiveCfg = Debug|Any CPU
		{AA1E7573-80BA-4056-98E4-E9032096C3B6}.Debug|Any CPU.Build.0 = Debug|Any CPU
		{AA1E7573-80BA-4056-98E4-E9032096C3B6}.Debug|Any CPU.Deploy.0 = Debug|Any CPU
		{AA1E7573-80BA-4056-98E4-E9032096C3B6}.Debug|Mixed Platforms.ActiveCfg = Debug|Any CPU
		{AA1E7573-80BA-4056-98E4-E9032096C3B6}.Debug|Mixed Platforms.Build.0 = Debug|Any CPU
		{AA1E7573-80BA-4056-98E4-E9032096C3B6}.Debug|Mixed Platforms.Deploy.0 = Debug|Any CPU
		{AA1E7573-80BA-4056-98E4-E9032096C3B6}.Debug|x86.ActiveCfg = Debug|Any CPU
		{AA1E7573-80BA-4056-98E4-E9032096C3B6}.Release|Any CPU.ActiveCfg = Release|Any CPU
		{AA1E7573-80BA-4056-98E4-E9032096C3B6}.Release|Any CPU.Build.0 = Release|Any CPU
		{AA1E7573-80BA-4056-98E4-E9032096C3B6}.Release|Any CPU.Deploy.0 = Release|Any CPU
		{AA1E7573-80BA-4056-98E4-E9032096C3B6}.Release|Mixed Platforms.ActiveCfg = Release|Any CPU
		{AA1E7573-80BA-4056-98E4-E9032096C3B6}.Release|Mixed Platforms.Build.0 = Release|Any CPU
		{AA1E7573-80BA-4056-98E4-E9032096C3B6}.Release|Mixed Platforms.Deploy.0 = Release|Any CPU
		{AA1E7573-80BA-4056-98E4-E9032096C3B6}.Release|x86.ActiveCfg = Release|Any CPU
		{5A3D8549-FACE-4294-BD2E-55909A9C1722}.Debug|Any CPU.ActiveCfg = Debug|Any CPU
		{5A3D8549-FACE-4294-BD2E-55909A9C1722}.Debug|Any CPU.Build.0 = Debug|Any CPU
		{5A3D8549-FACE-4294-BD2E-55909A9C1722}.Debug|Any CPU.Deploy.0 = Debug|Any CPU
		{5A3D8549-FACE-4294-BD2E-55909A9C1722}.Debug|Mixed Platforms.ActiveCfg = Debug|Any CPU
		{5A3D8549-FACE-4294-BD2E-55909A9C1722}.Debug|Mixed Platforms.Build.0 = Debug|Any CPU
		{5A3D8549-FACE-4294-BD2E-55909A9C1722}.Debug|Mixed Platforms.Deploy.0 = Debug|Any CPU
		{5A3D8549-FACE-4294-BD2E-55909A9C1722}.Debug|x86.ActiveCfg = Debug|Any CPU
		{5A3D8549-FACE-4294-BD2E-55909A9C1722}.Release|Any CPU.ActiveCfg = Release|Any CPU
		{5A3D8549-FACE-4294-BD2E-55909A9C1722}.Release|Any CPU.Build.0 = Release|Any CPU
		{5A3D8549-FACE-4294-BD2E-55909A9C1722}.Release|Any CPU.Deploy.0 = Release|Any CPU
		{5A3D8549-FACE-4294-BD2E-55909A9C1722}.Release|Mixed Platforms.ActiveCfg = Release|Any CPU
		{5A3D8549-FACE-4294-BD2E-55909A9C1722}.Release|Mixed Platforms.Build.0 = Release|Any CPU
		{5A3D8549-FACE-4294-BD2E-55909A9C1722}.Release|Mixed Platforms.Deploy.0 = Release|Any CPU
		{5A3D8549-FACE-4294-BD2E-55909A9C1722}.Release|x86.ActiveCfg = Release|Any CPU
		{15E05DB9-DFC2-4425-BFB6-7CDBB4C2D713}.Debug|Any CPU.ActiveCfg = Debug|Any CPU
		{15E05DB9-DFC2-4425-BFB6-7CDBB4C2D713}.Debug|Any CPU.Build.0 = Debug|Any CPU
		{15E05DB9-DFC2-4425-BFB6-7CDBB4C2D713}.Debug|Any CPU.Deploy.0 = Debug|Any CPU
		{15E05DB9-DFC2-4425-BFB6-7CDBB4C2D713}.Debug|Mixed Platforms.ActiveCfg = Debug|Any CPU
		{15E05DB9-DFC2-4425-BFB6-7CDBB4C2D713}.Debug|Mixed Platforms.Build.0 = Debug|Any CPU
		{15E05DB9-DFC2-4425-BFB6-7CDBB4C2D713}.Debug|Mixed Platforms.Deploy.0 = Debug|Any CPU
		{15E05DB9-DFC2-4425-BFB6-7CDBB4C2D713}.Debug|x86.ActiveCfg = Debug|Any CPU
		{15E05DB9-DFC2-4425-BFB6-7CDBB4C2D713}.Release|Any CPU.ActiveCfg = Release|Any CPU
		{15E05DB9-DFC2-4425-BFB6-7CDBB4C2D713}.Release|Any CPU.Build.0 = Release|Any CPU
		{15E05DB9-DFC2-4425-BFB6-7CDBB4C2D713}.Release|Any CPU.Deploy.0 = Release|Any CPU
		{15E05DB9-DFC2-4425-BFB6-7CDBB4C2D713}.Release|Mixed Platforms.ActiveCfg = Release|Any CPU
		{15E05DB9-DFC2-4425-BFB6-7CDBB4C2D713}.Release|Mixed Platforms.Build.0 = Release|Any CPU
		{15E05DB9-DFC2-4425-BFB6-7CDBB4C2D713}.Release|Mixed Platforms.Deploy.0 = Release|Any CPU
		{15E05DB9-DFC2-4425-BFB6-7CDBB4C2D713}.Release|x86.ActiveCfg = Release|Any CPU
		{9B9D4AE4-760A-462B-A901-3861B95300C0}.Debug|Any CPU.ActiveCfg = Debug|Any CPU
		{9B9D4AE4-760A-462B-A901-3861B95300C0}.Debug|Any CPU.Build.0 = Debug|Any CPU
		{9B9D4AE4-760A-462B-A901-3861B95300C0}.Debug|Any CPU.Deploy.0 = Debug|Any CPU
		{9B9D4AE4-760A-462B-A901-3861B95300C0}.Debug|Mixed Platforms.ActiveCfg = Debug|Any CPU
		{9B9D4AE4-760A-462B-A901-3861B95300C0}.Debug|Mixed Platforms.Build.0 = Debug|Any CPU
		{9B9D4AE4-760A-462B-A901-3861B95300C0}.Debug|Mixed Platforms.Deploy.0 = Debug|Any CPU
		{9B9D4AE4-760A-462B-A901-3861B95300C0}.Debug|x86.ActiveCfg = Debug|Any CPU
		{9B9D4AE4-760A-462B-A901-3861B95300C0}.Release|Any CPU.ActiveCfg = Release|Any CPU
		{9B9D4AE4-760A-462B-A901-3861B95300C0}.Release|Any CPU.Build.0 = Release|Any CPU
		{9B9D4AE4-760A-462B-A901-3861B95300C0}.Release|Any CPU.Deploy.0 = Release|Any CPU
		{9B9D4AE4-760A-462B-A901-3861B95300C0}.Release|Mixed Platforms.ActiveCfg = Release|Any CPU
		{9B9D4AE4-760A-462B-A901-3861B95300C0}.Release|Mixed Platforms.Build.0 = Release|Any CPU
		{9B9D4AE4-760A-462B-A901-3861B95300C0}.Release|Mixed Platforms.Deploy.0 = Release|Any CPU
		{9B9D4AE4-760A-462B-A901-3861B95300C0}.Release|x86.ActiveCfg = Release|Any CPU
		{DB1EFC70-DE67-4F25-B909-089C189C5AF0}.Debug|Any CPU.ActiveCfg = Debug|Any CPU
		{DB1EFC70-DE67-4F25-B909-089C189C5AF0}.Debug|Any CPU.Build.0 = Debug|Any CPU
		{DB1EFC70-DE67-4F25-B909-089C189C5AF0}.Debug|Mixed Platforms.ActiveCfg = Debug|Any CPU
		{DB1EFC70-DE67-4F25-B909-089C189C5AF0}.Debug|Mixed Platforms.Build.0 = Debug|Any CPU
		{DB1EFC70-DE67-4F25-B909-089C189C5AF0}.Debug|Mixed Platforms.Deploy.0 = Debug|Any CPU
		{DB1EFC70-DE67-4F25-B909-089C189C5AF0}.Debug|x86.ActiveCfg = Debug|x86
		{DB1EFC70-DE67-4F25-B909-089C189C5AF0}.Debug|x86.Build.0 = Debug|x86
		{DB1EFC70-DE67-4F25-B909-089C189C5AF0}.Release|Any CPU.ActiveCfg = Release|x86
		{DB1EFC70-DE67-4F25-B909-089C189C5AF0}.Release|Mixed Platforms.ActiveCfg = Release|x86
		{DB1EFC70-DE67-4F25-B909-089C189C5AF0}.Release|Mixed Platforms.Build.0 = Release|x86
		{DB1EFC70-DE67-4F25-B909-089C189C5AF0}.Release|x86.ActiveCfg = Release|x86
		{DB1EFC70-DE67-4F25-B909-089C189C5AF0}.Release|x86.Build.0 = Release|x86
		{71C81D8D-87DA-4A08-9112-E94C96966EFB}.Debug|Any CPU.ActiveCfg = Debug|Any CPU
		{71C81D8D-87DA-4A08-9112-E94C96966EFB}.Debug|Any CPU.Build.0 = Debug|Any CPU
		{71C81D8D-87DA-4A08-9112-E94C96966EFB}.Debug|Mixed Platforms.ActiveCfg = Debug|Any CPU
		{71C81D8D-87DA-4A08-9112-E94C96966EFB}.Debug|Mixed Platforms.Build.0 = Debug|Any CPU
		{71C81D8D-87DA-4A08-9112-E94C96966EFB}.Debug|x86.ActiveCfg = Debug|x86
		{71C81D8D-87DA-4A08-9112-E94C96966EFB}.Debug|x86.Build.0 = Debug|x86
		{71C81D8D-87DA-4A08-9112-E94C96966EFB}.Release|Any CPU.ActiveCfg = Release|Any CPU
		{71C81D8D-87DA-4A08-9112-E94C96966EFB}.Release|Mixed Platforms.ActiveCfg = Release|x86
		{71C81D8D-87DA-4A08-9112-E94C96966EFB}.Release|Mixed Platforms.Build.0 = Release|x86
		{71C81D8D-87DA-4A08-9112-E94C96966EFB}.Release|x86.ActiveCfg = Release|x86
		{71C81D8D-87DA-4A08-9112-E94C96966EFB}.Release|x86.Build.0 = Release|x86
		{DFD7023B-E63A-487D-BE0A-17B77A8B1BBE}.Debug|Any CPU.ActiveCfg = Debug|Any CPU
		{DFD7023B-E63A-487D-BE0A-17B77A8B1BBE}.Debug|Any CPU.Build.0 = Debug|Any CPU
		{DFD7023B-E63A-487D-BE0A-17B77A8B1BBE}.Debug|Mixed Platforms.ActiveCfg = Debug|x86
		{DFD7023B-E63A-487D-BE0A-17B77A8B1BBE}.Debug|Mixed Platforms.Build.0 = Debug|x86
		{DFD7023B-E63A-487D-BE0A-17B77A8B1BBE}.Debug|x86.ActiveCfg = Debug|x86
		{DFD7023B-E63A-487D-BE0A-17B77A8B1BBE}.Debug|x86.Build.0 = Debug|x86
		{DFD7023B-E63A-487D-BE0A-17B77A8B1BBE}.Release|Any CPU.ActiveCfg = Release|x86
		{DFD7023B-E63A-487D-BE0A-17B77A8B1BBE}.Release|Mixed Platforms.ActiveCfg = Release|x86
		{DFD7023B-E63A-487D-BE0A-17B77A8B1BBE}.Release|Mixed Platforms.Build.0 = Release|x86
		{DFD7023B-E63A-487D-BE0A-17B77A8B1BBE}.Release|x86.ActiveCfg = Release|x86
		{DFD7023B-E63A-487D-BE0A-17B77A8B1BBE}.Release|x86.Build.0 = Release|x86
		{707EB0D1-28F9-42BB-9D94-4C32F065EAC8}.Debug|Any CPU.ActiveCfg = Debug|Any CPU
		{707EB0D1-28F9-42BB-9D94-4C32F065EAC8}.Debug|Any CPU.Build.0 = Debug|Any CPU
		{707EB0D1-28F9-42BB-9D94-4C32F065EAC8}.Debug|Any CPU.Deploy.0 = Debug|Any CPU
		{707EB0D1-28F9-42BB-9D94-4C32F065EAC8}.Debug|Mixed Platforms.ActiveCfg = Debug|Any CPU
		{707EB0D1-28F9-42BB-9D94-4C32F065EAC8}.Debug|Mixed Platforms.Build.0 = Debug|Any CPU
		{707EB0D1-28F9-42BB-9D94-4C32F065EAC8}.Debug|Mixed Platforms.Deploy.0 = Debug|Any CPU
		{707EB0D1-28F9-42BB-9D94-4C32F065EAC8}.Debug|x86.ActiveCfg = Debug|Any CPU
		{707EB0D1-28F9-42BB-9D94-4C32F065EAC8}.Release|Any CPU.ActiveCfg = Release|Any CPU
		{707EB0D1-28F9-42BB-9D94-4C32F065EAC8}.Release|Any CPU.Build.0 = Release|Any CPU
		{707EB0D1-28F9-42BB-9D94-4C32F065EAC8}.Release|Any CPU.Deploy.0 = Release|Any CPU
		{707EB0D1-28F9-42BB-9D94-4C32F065EAC8}.Release|Mixed Platforms.ActiveCfg = Release|Any CPU
		{707EB0D1-28F9-42BB-9D94-4C32F065EAC8}.Release|Mixed Platforms.Build.0 = Release|Any CPU
		{707EB0D1-28F9-42BB-9D94-4C32F065EAC8}.Release|Mixed Platforms.Deploy.0 = Release|Any CPU
		{707EB0D1-28F9-42BB-9D94-4C32F065EAC8}.Release|x86.ActiveCfg = Release|Any CPU
		{09D0A544-947F-4422-B4C9-FC66DDFE869E}.Debug|Any CPU.ActiveCfg = Debug|Any CPU
		{09D0A544-947F-4422-B4C9-FC66DDFE869E}.Debug|Mixed Platforms.ActiveCfg = Debug|x86
		{09D0A544-947F-4422-B4C9-FC66DDFE869E}.Debug|Mixed Platforms.Build.0 = Debug|x86
		{09D0A544-947F-4422-B4C9-FC66DDFE869E}.Debug|x86.ActiveCfg = Debug|x86
		{09D0A544-947F-4422-B4C9-FC66DDFE869E}.Debug|x86.Build.0 = Debug|x86
		{09D0A544-947F-4422-B4C9-FC66DDFE869E}.Release|Any CPU.ActiveCfg = Release|x86
		{09D0A544-947F-4422-B4C9-FC66DDFE869E}.Release|Mixed Platforms.ActiveCfg = Release|x86
		{09D0A544-947F-4422-B4C9-FC66DDFE869E}.Release|Mixed Platforms.Build.0 = Release|x86
		{09D0A544-947F-4422-B4C9-FC66DDFE869E}.Release|x86.ActiveCfg = Release|x86
		{09D0A544-947F-4422-B4C9-FC66DDFE869E}.Release|x86.Build.0 = Release|x86
		{1B6E2E15-10CE-4F23-9B9F-20CA2774E9CB}.Debug|Any CPU.ActiveCfg = Debug|x86
		{1B6E2E15-10CE-4F23-9B9F-20CA2774E9CB}.Debug|Mixed Platforms.ActiveCfg = Debug|x86
		{1B6E2E15-10CE-4F23-9B9F-20CA2774E9CB}.Debug|Mixed Platforms.Build.0 = Debug|x86
		{1B6E2E15-10CE-4F23-9B9F-20CA2774E9CB}.Debug|x86.ActiveCfg = Debug|x86
		{1B6E2E15-10CE-4F23-9B9F-20CA2774E9CB}.Debug|x86.Build.0 = Debug|x86
		{1B6E2E15-10CE-4F23-9B9F-20CA2774E9CB}.Release|Any CPU.ActiveCfg = Release|Any CPU
		{1B6E2E15-10CE-4F23-9B9F-20CA2774E9CB}.Release|Mixed Platforms.ActiveCfg = Release|x86
		{1B6E2E15-10CE-4F23-9B9F-20CA2774E9CB}.Release|Mixed Platforms.Build.0 = Release|x86
		{1B6E2E15-10CE-4F23-9B9F-20CA2774E9CB}.Release|x86.ActiveCfg = Release|x86
		{1B6E2E15-10CE-4F23-9B9F-20CA2774E9CB}.Release|x86.Build.0 = Release|x86
		{9B6D269E-1910-4341-B6C8-78CD4C5EB13D}.Debug|Any CPU.ActiveCfg = Debug|Any CPU
		{9B6D269E-1910-4341-B6C8-78CD4C5EB13D}.Debug|Any CPU.Build.0 = Debug|Any CPU
		{9B6D269E-1910-4341-B6C8-78CD4C5EB13D}.Debug|Any CPU.Deploy.0 = Debug|Any CPU
		{9B6D269E-1910-4341-B6C8-78CD4C5EB13D}.Debug|Mixed Platforms.ActiveCfg = Debug|Any CPU
		{9B6D269E-1910-4341-B6C8-78CD4C5EB13D}.Debug|Mixed Platforms.Build.0 = Debug|Any CPU
		{9B6D269E-1910-4341-B6C8-78CD4C5EB13D}.Debug|Mixed Platforms.Deploy.0 = Debug|Any CPU
		{9B6D269E-1910-4341-B6C8-78CD4C5EB13D}.Debug|x86.ActiveCfg = Debug|Any CPU
		{9B6D269E-1910-4341-B6C8-78CD4C5EB13D}.Release|Any CPU.ActiveCfg = Release|Any CPU
		{9B6D269E-1910-4341-B6C8-78CD4C5EB13D}.Release|Any CPU.Build.0 = Release|Any CPU
		{9B6D269E-1910-4341-B6C8-78CD4C5EB13D}.Release|Any CPU.Deploy.0 = Release|Any CPU
		{9B6D269E-1910-4341-B6C8-78CD4C5EB13D}.Release|Mixed Platforms.ActiveCfg = Release|Any CPU
		{9B6D269E-1910-4341-B6C8-78CD4C5EB13D}.Release|Mixed Platforms.Build.0 = Release|Any CPU
		{9B6D269E-1910-4341-B6C8-78CD4C5EB13D}.Release|Mixed Platforms.Deploy.0 = Release|Any CPU
		{9B6D269E-1910-4341-B6C8-78CD4C5EB13D}.Release|x86.ActiveCfg = Release|Any CPU
		{63798CFB-B5AD-4B67-B103-300D0B414FCA}.Debug|Any CPU.ActiveCfg = Debug|Any CPU
		{63798CFB-B5AD-4B67-B103-300D0B414FCA}.Debug|Any CPU.Build.0 = Debug|Any CPU
		{63798CFB-B5AD-4B67-B103-300D0B414FCA}.Debug|Mixed Platforms.ActiveCfg = Debug|Any CPU
		{63798CFB-B5AD-4B67-B103-300D0B414FCA}.Debug|Mixed Platforms.Build.0 = Debug|Any CPU
		{63798CFB-B5AD-4B67-B103-300D0B414FCA}.Debug|x86.ActiveCfg = Debug|x86
		{63798CFB-B5AD-4B67-B103-300D0B414FCA}.Debug|x86.Build.0 = Debug|x86
		{63798CFB-B5AD-4B67-B103-300D0B414FCA}.Release|Any CPU.ActiveCfg = Release|Any CPU
		{63798CFB-B5AD-4B67-B103-300D0B414FCA}.Release|Any CPU.Build.0 = Release|Any CPU
		{63798CFB-B5AD-4B67-B103-300D0B414FCA}.Release|Mixed Platforms.ActiveCfg = Release|Any CPU
		{63798CFB-B5AD-4B67-B103-300D0B414FCA}.Release|Mixed Platforms.Build.0 = Release|Any CPU
		{63798CFB-B5AD-4B67-B103-300D0B414FCA}.Release|x86.ActiveCfg = Release|x86
		{63798CFB-B5AD-4B67-B103-300D0B414FCA}.Release|x86.Build.0 = Release|x86
	EndGlobalSection
	GlobalSection(SolutionProperties) = preSolution
		HideSolutionNode = FALSE
	EndGlobalSection
	GlobalSection(ExtensibilityGlobals) = postSolution
		SolutionGuid = {457C8B26-63F1-416A-9B2F-70F5467B52BA}
	EndGlobalSection
	GlobalSection(SurroundSCMIntegrationSolutionProperties) = preSolution
		SurroundSCMIntegrationSolutionIsControlled = True
		SurroundSCMIntegrationSolutionBindings = WebGroup/CMS/Solutions/ElanCostCenterGroups
		SurroundNumberOfProjects = 13
		SurroundSCMIntegrationProjectName0 = ElanCMSUtils
		SurroundSCMIntegrationProjectUniqueName0 = ElanCMSUtils\\ElanCMSUtils.csproj
		SurroundSCMIntegrationProjectPath0 = WebGroup/CMS/Solutions/ElanCostCenterGroups/ElanCMSUtils
		SurroundSCMIntegrationProjectName1 = CostCenterServices
		SurroundSCMIntegrationProjectUniqueName1 = CostCenterServices\\CostCenterServices.csproj
		SurroundSCMIntegrationProjectPath1 = WebGroup/CMS/Solutions/ElanCostCenterGroups/CostCenterServices
		SurroundSCMIntegrationProjectName2 = SRMFileTransferTest
		SurroundSCMIntegrationProjectUniqueName2 = SRMFileTransferTest\\SRMFileTransferTest.csproj
		SurroundSCMIntegrationProjectPath2 = WebGroup/CMS/Solutions/ElanCostCenterGroups/SRMFileTransferTest
		SurroundSCMIntegrationProjectName3 = Elan.SharePoint.LRFApproval
		SurroundSCMIntegrationProjectUniqueName3 = ..\\Elan.SharePoint.LRFApproval\\Elan.SharePoint.LRFApproval\\Elan.SharePoint.LRFApproval.csproj
		SurroundSCMIntegrationProjectPath3 = 
		SurroundSCMIntegrationProjectName4 = SAPCodeUpdate
		SurroundSCMIntegrationProjectUniqueName4 = SAPCodeUpdate\\SAPCodeUpdate.csproj
		SurroundSCMIntegrationProjectPath4 = WebGroup/CMS/Solutions/ElanCostCenterGroups/SAPCodeUpdate
		SurroundSCMIntegrationProjectName5 = SAPCodeUpdateTest
		SurroundSCMIntegrationProjectUniqueName5 = TestSAPCodeUpdate\\SAPCodeUpdateTest.csproj
		SurroundSCMIntegrationProjectPath5 = WebGroup/CMS/Solutions/ElanCostCenterGroups/TestSAPCodeUpdate
		SurroundSCMIntegrationProjectName6 = LRFApprovalTest
		SurroundSCMIntegrationProjectUniqueName6 = ..\\Elan.SharePoint.LRFApproval\\LRFApprovalTest\\LRFApprovalTest.csproj
		SurroundSCMIntegrationProjectPath6 = 
		SurroundSCMIntegrationProjectName7 = ElanCostCenterGroups
		SurroundSCMIntegrationProjectUniqueName7 = ElanCostCenterGroups\\ElanCostCenterGroups.csproj
		SurroundSCMIntegrationProjectPath7 = WebGroup/CMS/Solutions/ElanCostCenterGroups/ElanCostCenterGroups
		SurroundSCMIntegrationProjectName8 = UserCostCenters
		SurroundSCMIntegrationProjectUniqueName8 = UserCostCenters\\UserCostCenters.csproj
		SurroundSCMIntegrationProjectPath8 = WebGroup/CMS/Solutions/ElanCostCenterGroups/UserCostCenters
		SurroundSCMIntegrationProjectName9 = ElanCMSCommon
		SurroundSCMIntegrationProjectUniqueName9 = ElanCMSCommon\\ElanCMSCommon.csproj
		SurroundSCMIntegrationProjectPath9 = WebGroup/CMS/Solutions/ElanCostCenterGroups/ElanCMSCommon
		SurroundSCMIntegrationProjectName10 = ElanCMSCommonTest
		SurroundSCMIntegrationProjectUniqueName10 = CMSCommonTest\\ElanCMSCommonTest.csproj
		SurroundSCMIntegrationProjectPath10 = WebGroup/CMS/Solutions/ElanCostCenterGroups/CMSCommonTest
		SurroundSCMIntegrationProjectName11 = ElanCostCenterGroupsTest
		SurroundSCMIntegrationProjectUniqueName11 = ElanCostCenterGroupsTest\\ElanCostCenterGroupsTest.csproj
		SurroundSCMIntegrationProjectPath11 = WebGroup/CMS/Solutions/ElanCostCenterGroups/ElanCostCenterGroupsTest
		SurroundSCMIntegrationProjectName12 = SRMFileTransfer
		SurroundSCMIntegrationProjectUniqueName12 = SRMFileTransfer\\SRMFileTransfer.csproj
		SurroundSCMIntegrationProjectPath12 = WebGroup/CMS/Solutions/ElanCostCenterGroups/SRMFileTransfer
	EndGlobalSection
EndGlobal
